{
  "name": "updater",
  "lockfileVersion": 2,
  "requires": true,
  "packages": {
    "": {
      "dependencies": {
        "@adraffy/ens-normalize": "github:adraffy/ens-normalize.js#21de1f60e93d6b5cd99e8f3402a2dd56a2b6883d"
      }
    },
    "node_modules/@adraffy/ens-normalize": {
      "version": "1.11.0",
      "resolved": "git+ssh://git@github.com/adraffy/ens-normalize.js.git#21de1f60e93d6b5cd99e8f3402a2dd56a2b6883d",
      "integrity": "sha512-0CCj03sPccS60UdNA1ed9jlZgPcMrDIoSZYUQgx+2tbNd5s0gjC6POOBduWGvT9wRQ7ICgRszbL8fzXMULR/+g==",
      "license": "MIT"
    }
  },
  "dependencies": {
    "@adraffy/ens-normalize": {
      "version": "git+ssh://git@github.com/adraffy/ens-normalize.js.git#21de1f60e93d6b5cd99e8f3402a2dd56a2b6883d",
      "integrity": "sha512-0CCj03sPccS60UdNA1ed9jlZgPcMrDIoSZYUQgx+2tbNd5s0gjC6POOBduWGvT9wRQ7ICgRszbL8fzXMULR/+g==",
      "from": "@adraffy/ens-normalize@github:adraffy/ens-normalize.js#21de1f60e93d6b5cd99e8f3402a2dd56a2b6883d"
    }
  }
}
