{
  "name": "updater",
  "lockfileVersion": 2,
  "requires": true,
  "packages": {
    "": {
      "dependencies": {
        "@adraffy/ens-normalize": "github:adraffy/ens-normalize.js#0383b198462f594ae639ad7d46dcfbaff9b276fe"
      }
    },
    "node_modules/@adraffy/ens-normalize": {
      "version": "1.9.4",
      "resolved": "git+ssh://git@github.com/adraffy/ens-normalize.js.git#0383b198462f594ae639ad7d46dcfbaff9b276fe",
      "integrity": "sha512-Y77brLxfxIRyQj1TLUqElQ7A/Z4O+bsKbyRQ89h0OLJ9I7CHGv/z4UEb0NuggIMMbojw2xzOnTIoia1gQYHDtA==",
      "license": "MIT"
    }
  },
  "dependencies": {
    "@adraffy/ens-normalize": {
      "version": "git+ssh://git@github.com/adraffy/ens-normalize.js.git#0383b198462f594ae639ad7d46dcfbaff9b276fe",
      "integrity": "sha512-Y77brLxfxIRyQj1TLUqElQ7A/Z4O+bsKbyRQ89h0OLJ9I7CHGv/z4UEb0NuggIMMbojw2xzOnTIoia1gQYHDtA==",
      "from": "@adraffy/ens-normalize@github:adraffy/ens-normalize.js#0383b198462f594ae639ad7d46dcfbaff9b276fe"
    }
  }
}
