{
  "name": "updater",
  "lockfileVersion": 2,
  "requires": true,
  "packages": {
    "": {
      "dependencies": {
        "@adraffy/ens-normalize": "github:adraffy/ens-normalize.js#fa0ad385e77299ad8bddc2287876fbf74a92b8db"
      }
    },
    "node_modules/@adraffy/ens-normalize": {
      "version": "1.8.9",
      "resolved": "git+ssh://git@github.com/adraffy/ens-normalize.js.git#fa0ad385e77299ad8bddc2287876fbf74a92b8db",
      "integrity": "sha512-mTDcitga98vEw0XcpHc6H/vKXEKkgiC8ouW7rjwV0YHJwwc+4LxjIEwYpBWvEDTSOuAjf7jk5B1AzbrpkOTpBg==",
      "license": "MIT"
    }
  },
  "dependencies": {
    "@adraffy/ens-normalize": {
      "version": "git+ssh://git@github.com/adraffy/ens-normalize.js.git#fa0ad385e77299ad8bddc2287876fbf74a92b8db",
      "integrity": "sha512-mTDcitga98vEw0XcpHc6H/vKXEKkgiC8ouW7rjwV0YHJwwc+4LxjIEwYpBWvEDTSOuAjf7jk5B1AzbrpkOTpBg==",
      "from": "@adraffy/ens-normalize@github:adraffy/ens-normalize.js#fa0ad385e77299ad8bddc2287876fbf74a92b8db"
    }
  }
}
